
Microsoft Visual Studio Solution File, Format Version 12.00
# Visual Studio Version 17
VisualStudioVersion = 17.3.32922.545
MinimumVisualStudioVersion = 10.0.40219.1
Project("{FAE04EC0-301F-11D3-BF4B-00C04F79EFBC}") = "AulaUdemyContrato", "AulaUdemyContrato\AulaUdemyContrato.csproj", "{2D730B45-64B6-4A23-9804-065DC9D2490B}"
EndProject
Global
	GlobalSection(SolutionConfigurationPlatforms) = preSolution
		Debug|Any CPU = Debug|Any CPU
		Release|Any CPU = Release|Any CPU
	EndGlobalSection
	GlobalSection(ProjectConfigurationPlatforms) = postSolution
		{2D730B45-64B6-4A23-9804-065DC9D2490B}.Debug|Any CPU.ActiveCfg = Debug|Any CPU
		{2D730B45-64B6-4A23-9804-065DC9D2490B}.Debug|Any CPU.Build.0 = Debug|Any CPU
		{2D730B45-64B6-4A23-9804-065DC9D2490B}.Release|Any CPU.ActiveCfg = Release|Any CPU
		{2D730B45-64B6-4A23-9804-065DC9D2490B}.Release|Any CPU.Build.0 = Release|Any CPU
	EndGlobalSection
	GlobalSection(SolutionProperties) = preSolution
		HideSolutionNode = FALSE
	EndGlobalSection
	GlobalSection(ExtensibilityGlobals) = postSolution
		SolutionGuid = {97202608-B9A9-4B1E-8516-2B4A74D4A2C7}
	EndGlobalSection
EndGlobal
